Microsoft Visual Studio Solution File, Format Version 12.00
# Visual Studio 14
Project("{8BC9CEB8-8B4A-11D0-8D11-00A0C91BC942}") = "ALL_BUILD", "ALL_BUILD.vcxproj", "{215E8080-E6AC-3D0F-821C-A0405A2AC264}"
	ProjectSection(ProjectDependencies) = postProject
		{799B7732-0A1C-3F3E-A1AE-4F7CA12C5A88} = {799B7732-0A1C-3F3E-A1AE-4F7CA12C5A88}
		{C9993E0C-2D84-3ED3-BCCF-53BDC44448E3} = {C9993E0C-2D84-3ED3-BCCF-53BDC44448E3}
	EndProjectSection
EndProject
Project("{8BC9CEB8-8B4A-11D0-8D11-00A0C91BC942}") = "Audio", "src\Audio.vcxproj", "{799B7732-0A1C-3F3E-A1AE-4F7CA12C5A88}"
	ProjectSection(ProjectDependencies) = postProject
		{C9993E0C-2D84-3ED3-BCCF-53BDC44448E3} = {C9993E0C-2D84-3ED3-BCCF-53BDC44448E3}
	EndProjectSection
EndProject
Project("{8BC9CEB8-8B4A-11D0-8D11-00A0C91BC942}") = "ZERO_CHECK", "ZERO_CHECK.vcxproj", "{C9993E0C-2D84-3ED3-BCCF-53BDC44448E3}"
	ProjectSection(ProjectDependencies) = postProject
	EndProjectSection
EndProject
Global
	GlobalSection(SolutionConfigurationPlatforms) = preSolution
		Debug|x64 = Debug|x64
		Release|x64 = Release|x64
		MinSizeRel|x64 = MinSizeRel|x64
		RelWithDebInfo|x64 = RelWithDebInfo|x64
	EndGlobalSection
	GlobalSection(ProjectConfigurationPlatforms) = postSolution
		{215E8080-E6AC-3D0F-821C-A0405A2AC264}.Debug|x64.ActiveCfg = Debug|x64
		{215E8080-E6AC-3D0F-821C-A0405A2AC264}.Release|x64.ActiveCfg = Release|x64
		{215E8080-E6AC-3D0F-821C-A0405A2AC264}.MinSizeRel|x64.ActiveCfg = MinSizeRel|x64
		{215E8080-E6AC-3D0F-821C-A0405A2AC264}.RelWithDebInfo|x64.ActiveCfg = RelWithDebInfo|x64
		{799B7732-0A1C-3F3E-A1AE-4F7CA12C5A88}.Debug|x64.ActiveCfg = Debug|x64
		{799B7732-0A1C-3F3E-A1AE-4F7CA12C5A88}.Debug|x64.Build.0 = Debug|x64
		{799B7732-0A1C-3F3E-A1AE-4F7CA12C5A88}.Release|x64.ActiveCfg = Release|x64
		{799B7732-0A1C-3F3E-A1AE-4F7CA12C5A88}.Release|x64.Build.0 = Release|x64
		{799B7732-0A1C-3F3E-A1AE-4F7CA12C5A88}.MinSizeRel|x64.ActiveCfg = MinSizeRel|x64
		{799B7732-0A1C-3F3E-A1AE-4F7CA12C5A88}.MinSizeRel|x64.Build.0 = MinSizeRel|x64
		{799B7732-0A1C-3F3E-A1AE-4F7CA12C5A88}.RelWithDebInfo|x64.ActiveCfg = RelWithDebInfo|x64
		{799B7732-0A1C-3F3E-A1AE-4F7CA12C5A88}.RelWithDebInfo|x64.Build.0 = RelWithDebInfo|x64
		{C9993E0C-2D84-3ED3-BCCF-53BDC44448E3}.Debug|x64.ActiveCfg = Debug|x64
		{C9993E0C-2D84-3ED3-BCCF-53BDC44448E3}.Debug|x64.Build.0 = Debug|x64
		{C9993E0C-2D84-3ED3-BCCF-53BDC44448E3}.Release|x64.ActiveCfg = Release|x64
		{C9993E0C-2D84-3ED3-BCCF-53BDC44448E3}.Release|x64.Build.0 = Release|x64
		{C9993E0C-2D84-3ED3-BCCF-53BDC44448E3}.MinSizeRel|x64.ActiveCfg = MinSizeRel|x64
		{C9993E0C-2D84-3ED3-BCCF-53BDC44448E3}.MinSizeRel|x64.Build.0 = MinSizeRel|x64
		{C9993E0C-2D84-3ED3-BCCF-53BDC44448E3}.RelWithDebInfo|x64.ActiveCfg = RelWithDebInfo|x64
		{C9993E0C-2D84-3ED3-BCCF-53BDC44448E3}.RelWithDebInfo|x64.Build.0 = RelWithDebInfo|x64
	EndGlobalSection
	GlobalSection(ExtensibilityGlobals) = postSolution
	EndGlobalSection
	GlobalSection(ExtensibilityAddIns) = postSolution
	EndGlobalSection
EndGlobal
