<?xml version="1.0" encoding="UTF-8"?>
<Project ToolsVersion="14.0" xmlns="http://schemas.microsoft.com/developer/msbuild/2003">
  <ItemGroup>
    <CustomBuild Include="C:\Users\USER\Desktop\Audio\vs2015\CMakeFiles\ef3345bc2b1866438409645631047e24\generate.stamp.rule">
      <Filter>CMake Rules</Filter>
    </CustomBuild>
  </ItemGroup>
  <ItemGroup>
    <Filter Include="CMake Rules">
      <UniqueIdentifier>{84AAB6B5-02D7-3268-A837-E2CE4CA23469}</UniqueIdentifier>
    </Filter>
  </ItemGroup>
</Project>
