<?xml version="1.0" encoding="UTF-8"?>
<Project ToolsVersion="14.0" xmlns="http://schemas.microsoft.com/developer/msbuild/2003">
  <ItemGroup>
    <ClCompile Include="C:\Users\USER\Desktop\OpenAL-Wrap\src\main.cpp">
      <Filter>Source Files</Filter>
    </ClCompile>
    <ClCompile Include="C:\Users\USER\Desktop\OpenAL-Wrap\src\Audio\audio.cpp">
      <Filter>Source Files</Filter>
    </ClCompile>
    <ClCompile Include="C:\Users\USER\Desktop\OpenAL-Wrap\src\Audio\wav.cpp">
      <Filter>Source Files</Filter>
    </ClCompile>
  </ItemGroup>
  <ItemGroup>
    <ClInclude Include="C:\Users\USER\Desktop\OpenAL-Wrap\src\Audio\audio.hpp">
      <Filter>Header Files</Filter>
    </ClInclude>
    <ClInclude Include="C:\Users\USER\Desktop\OpenAL-Wrap\src\Audio\wav.hpp">
      <Filter>Header Files</Filter>
    </ClInclude>
  </ItemGroup>
  <ItemGroup>
    <CustomBuild Include="C:\Users\USER\Desktop\OpenAL-Wrap\src\CMakeLists.txt" />
  </ItemGroup>
  <ItemGroup>
    <Filter Include="Source Files">
      <UniqueIdentifier>{80F67174-E483-36DA-813B-A0120C005782}</UniqueIdentifier>
    </Filter>
    <Filter Include="Header Files">
      <UniqueIdentifier>{856F37C0-A344-315A-A159-3A004F1ED467}</UniqueIdentifier>
    </Filter>
  </ItemGroup>
</Project>
